
Microsoft Visual Studio Solution File, Format Version 12.00
# Visual Studio Version 16
VisualStudioVersion = 16.0.29728.190
MinimumVisualStudioVersion = 10.0.40219.1
Project("{FAE04EC0-301F-11D3-BF4B-00C04F79EFBC}") = "SlotsGame", "SlotsGame\SlotsGame.csproj", "{2B29AA3A-5BC7-4226-AC38-1DA3092C7769}"
EndProject
Global
	GlobalSection(SolutionConfigurationPlatforms) = preSolution
		Debug|Any CPU = Debug|Any CPU
		Release|Any CPU = Release|Any CPU
	EndGlobalSection
	GlobalSection(ProjectConfigurationPlatforms) = postSolution
		{2B29AA3A-5BC7-4226-AC38-1DA3092C7769}.Debug|Any CPU.ActiveCfg = Debug|Any CPU
		{2B29AA3A-5BC7-4226-AC38-1DA3092C7769}.Debug|Any CPU.Build.0 = Debug|Any CPU
		{2B29AA3A-5BC7-4226-AC38-1DA3092C7769}.Release|Any CPU.ActiveCfg = Release|Any CPU
		{2B29AA3A-5BC7-4226-AC38-1DA3092C7769}.Release|Any CPU.Build.0 = Release|Any CPU
	EndGlobalSection
	GlobalSection(SolutionProperties) = preSolution
		HideSolutionNode = FALSE
	EndGlobalSection
	GlobalSection(ExtensibilityGlobals) = postSolution
		SolutionGuid = {E6E0BB7E-FCD8-40B8-BD8F-80713E629558}
	EndGlobalSection
EndGlobal
